
Microsoft Visual Studio Solution File, Format Version 12.00
# Visual Studio 15
VisualStudioVersion = 15.0.27703.2035
MinimumVisualStudioVersion = 10.0.40219.1
Project("{FAE04EC0-301F-11D3-BF4B-00C04F79EFBC}") = "Inspina-NG-Core", "Inspina-NG-Core\Inspina-NG-Core.csproj", "{DBEA0332-D887-45D4-9D84-DB65F2DB8A6A}"
EndProject
Global
	GlobalSection(SolutionConfigurationPlatforms) = preSolution
		Debug|Any CPU = Debug|Any CPU
		Release|Any CPU = Release|Any CPU
	EndGlobalSection
	GlobalSection(ProjectConfigurationPlatforms) = postSolution
		{DBEA0332-D887-45D4-9D84-DB65F2DB8A6A}.Debug|Any CPU.ActiveCfg = Debug|Any CPU
		{DBEA0332-D887-45D4-9D84-DB65F2DB8A6A}.Debug|Any CPU.Build.0 = Debug|Any CPU
		{DBEA0332-D887-45D4-9D84-DB65F2DB8A6A}.Release|Any CPU.ActiveCfg = Release|Any CPU
		{DBEA0332-D887-45D4-9D84-DB65F2DB8A6A}.Release|Any CPU.Build.0 = Release|Any CPU
	EndGlobalSection
	GlobalSection(SolutionProperties) = preSolution
		HideSolutionNode = FALSE
	EndGlobalSection
	GlobalSection(ExtensibilityGlobals) = postSolution
		SolutionGuid = {0DDB5C09-4B36-43E5-A469-9545B815A3AF}
	EndGlobalSection
EndGlobal
